
Microsoft Visual Studio Solution File, Format Version 12.00
# Visual Studio 2013
VisualStudioVersion = 12.0.31101.0
MinimumVisualStudioVersion = 10.0.40219.1
Project("{FAE04EC0-301F-11D3-BF4B-00C04F79EFBC}") = "ProgrammingAssignment5", "ProgrammingAssignment5\ProgrammingAssignment5\ProgrammingAssignment5.csproj", "{64DB5ADE-09B4-4323-BAE6-1F5BE904DA4B}"
EndProject
Project("{96E2B04D-8817-42C6-938A-82C39BA4D311}") = "ProgrammingAssignment5Content", "ProgrammingAssignment5\ProgrammingAssignment5Content\ProgrammingAssignment5Content.contentproj", "{8152202E-EECA-4313-8F59-D9DB337BCD96}"
EndProject
Global
	GlobalSection(SolutionConfigurationPlatforms) = preSolution
		Debug|x86 = Debug|x86
		Release|x86 = Release|x86
	EndGlobalSection
	GlobalSection(ProjectConfigurationPlatforms) = postSolution
		{64DB5ADE-09B4-4323-BAE6-1F5BE904DA4B}.Debug|x86.ActiveCfg = Debug|x86
		{64DB5ADE-09B4-4323-BAE6-1F5BE904DA4B}.Debug|x86.Build.0 = Debug|x86
		{64DB5ADE-09B4-4323-BAE6-1F5BE904DA4B}.Release|x86.ActiveCfg = Release|x86
		{64DB5ADE-09B4-4323-BAE6-1F5BE904DA4B}.Release|x86.Build.0 = Release|x86
		{8152202E-EECA-4313-8F59-D9DB337BCD96}.Debug|x86.ActiveCfg = Debug|x86
		{8152202E-EECA-4313-8F59-D9DB337BCD96}.Release|x86.ActiveCfg = Release|x86
	EndGlobalSection
	GlobalSection(SolutionProperties) = preSolution
		HideSolutionNode = FALSE
	EndGlobalSection
EndGlobal
